
Microsoft Visual Studio Solution File, Format Version 12.00
# Visual Studio 15
VisualStudioVersion = 15.0.27703.1
MinimumVisualStudioVersion = 10.0.40219.1
Project("{FAE04EC0-301F-11D3-BF4B-00C04F79EFBC}") = "Lapko_LabWork_5", "Lapko_LabWork_5\Lapko_LabWork_5.csproj", "{CDBE0451-94A1-40BB-B25E-50F601D9880A}"
EndProject
Global
	GlobalSection(SolutionConfigurationPlatforms) = preSolution
		Debug|Any CPU = Debug|Any CPU
		Release|Any CPU = Release|Any CPU
	EndGlobalSection
	GlobalSection(ProjectConfigurationPlatforms) = postSolution
		{CDBE0451-94A1-40BB-B25E-50F601D9880A}.Debug|Any CPU.ActiveCfg = Debug|Any CPU
		{CDBE0451-94A1-40BB-B25E-50F601D9880A}.Debug|Any CPU.Build.0 = Debug|Any CPU
		{CDBE0451-94A1-40BB-B25E-50F601D9880A}.Release|Any CPU.ActiveCfg = Release|Any CPU
		{CDBE0451-94A1-40BB-B25E-50F601D9880A}.Release|Any CPU.Build.0 = Release|Any CPU
	EndGlobalSection
	GlobalSection(SolutionProperties) = preSolution
		HideSolutionNode = FALSE
	EndGlobalSection
	GlobalSection(ExtensibilityGlobals) = postSolution
		SolutionGuid = {BF23F755-5597-4297-8E73-8D81B21793D1}
	EndGlobalSection
EndGlobal
